Microsoft Visual Studio Solution File, Format Version 12.00
# Visual Studio Version 17
VisualStudioVersion = 17.5.2.0
MinimumVisualStudioVersion = 10.0.40219.1
Project("{2150E333-8FDC-42A3-9474-1A3956D46DE8}") = "AN3", "AN3", "{2F762473-E78F-EDFD-EAEA-BA204CF19C58}"
EndProject
Project("{2150E333-8FDC-42A3-9474-1A3956D46DE8}") = "SEM2", "SEM2", "{40C5EDF6-BE65-8726-42DD-FCE4D5300D9C}"
EndProject
Project("{2150E333-8FDC-42A3-9474-1A3956D46DE8}") = "PDN", "PDN", "{89A930D7-7F42-F0D1-B957-5D81068D7304}"
EndProject
Project("{2150E333-8FDC-42A3-9474-1A3956D46DE8}") = "C#", "C#", "{571BCD86-B3A0-4C93-886C-872BC1502BB4}"
EndProject
Project("{FAE04EC0-301F-11D3-BF4B-00C04F79EFBC}") = "lab1", "AN3\SEM2\PDN\C#\lab1\lab1.csproj", "{DE78439C-EA55-A462-4382-F0A9C11A95F3}"
EndProject
Project("{FAE04EC0-301F-11D3-BF4B-00C04F79EFBC}") = "lab2", "AN3\SEM2\PDN\C#\lab2\lab2.csproj", "{22E81625-A459-C048-D62B-44AC35EC5A0C}"
EndProject
Project("{FAE04EC0-301F-11D3-BF4B-00C04F79EFBC}") = "lab4", "AN3\SEM2\PDN\C#\lab4\lab4.csproj", "{ED6B6750-2D2E-E825-1938-D55F4EA84134}"
EndProject
Project("{FAE04EC0-301F-11D3-BF4B-00C04F79EFBC}") = "lab3", "AN3\SEM2\PDN\C#\lab3\lab3.csproj", "{EF877E51-DC9A-F4FE-B362-561C17E024D1}"
EndProject
Global
	GlobalSection(SolutionConfigurationPlatforms) = preSolution
		Debug|Any CPU = Debug|Any CPU
		Release|Any CPU = Release|Any CPU
	EndGlobalSection
	GlobalSection(ProjectConfigurationPlatforms) = postSolution
		{DE78439C-EA55-A462-4382-F0A9C11A95F3}.Debug|Any CPU.ActiveCfg = Debug|Any CPU
		{DE78439C-EA55-A462-4382-F0A9C11A95F3}.Debug|Any CPU.Build.0 = Debug|Any CPU
		{DE78439C-EA55-A462-4382-F0A9C11A95F3}.Release|Any CPU.ActiveCfg = Release|Any CPU
		{DE78439C-EA55-A462-4382-F0A9C11A95F3}.Release|Any CPU.Build.0 = Release|Any CPU
		{22E81625-A459-C048-D62B-44AC35EC5A0C}.Debug|Any CPU.ActiveCfg = Debug|Any CPU
		{22E81625-A459-C048-D62B-44AC35EC5A0C}.Debug|Any CPU.Build.0 = Debug|Any CPU
		{22E81625-A459-C048-D62B-44AC35EC5A0C}.Release|Any CPU.ActiveCfg = Release|Any CPU
		{22E81625-A459-C048-D62B-44AC35EC5A0C}.Release|Any CPU.Build.0 = Release|Any CPU
		{ED6B6750-2D2E-E825-1938-D55F4EA84134}.Debug|Any CPU.ActiveCfg = Debug|Any CPU
		{ED6B6750-2D2E-E825-1938-D55F4EA84134}.Debug|Any CPU.Build.0 = Debug|Any CPU
		{ED6B6750-2D2E-E825-1938-D55F4EA84134}.Release|Any CPU.ActiveCfg = Release|Any CPU
		{ED6B6750-2D2E-E825-1938-D55F4EA84134}.Release|Any CPU.Build.0 = Release|Any CPU
		{EF877E51-DC9A-F4FE-B362-561C17E024D1}.Debug|Any CPU.ActiveCfg = Debug|Any CPU
		{EF877E51-DC9A-F4FE-B362-561C17E024D1}.Debug|Any CPU.Build.0 = Debug|Any CPU
		{EF877E51-DC9A-F4FE-B362-561C17E024D1}.Release|Any CPU.ActiveCfg = Release|Any CPU
		{EF877E51-DC9A-F4FE-B362-561C17E024D1}.Release|Any CPU.Build.0 = Release|Any CPU
	EndGlobalSection
	GlobalSection(SolutionProperties) = preSolution
		HideSolutionNode = FALSE
	EndGlobalSection
	GlobalSection(NestedProjects) = preSolution
		{40C5EDF6-BE65-8726-42DD-FCE4D5300D9C} = {2F762473-E78F-EDFD-EAEA-BA204CF19C58}
		{89A930D7-7F42-F0D1-B957-5D81068D7304} = {40C5EDF6-BE65-8726-42DD-FCE4D5300D9C}
		{571BCD86-B3A0-4C93-886C-872BC1502BB4} = {89A930D7-7F42-F0D1-B957-5D81068D7304}
		{DE78439C-EA55-A462-4382-F0A9C11A95F3} = {571BCD86-B3A0-4C93-886C-872BC1502BB4}
		{22E81625-A459-C048-D62B-44AC35EC5A0C} = {571BCD86-B3A0-4C93-886C-872BC1502BB4}
		{ED6B6750-2D2E-E825-1938-D55F4EA84134} = {571BCD86-B3A0-4C93-886C-872BC1502BB4}
		{EF877E51-DC9A-F4FE-B362-561C17E024D1} = {571BCD86-B3A0-4C93-886C-872BC1502BB4}
	EndGlobalSection
	GlobalSection(ExtensibilityGlobals) = postSolution
		SolutionGuid = {7D423A1C-3D29-4F1F-A5B0-9CCB766D732D}
	EndGlobalSection
EndGlobal
